// !$*UTF8*$!
{
	archiveVersion = 1;
	classes = {
	};
	objectVersion = 46;
	objects = {

/* Begin PBXBuildFile section */
		07A04EEB19840E8F001F6401 /* AppDelegate.swift in Sources */ = {isa = PBXBuildFile; fileRef = 07A04EEA19840E8F001F6401 /* AppDelegate.swift */; };
		07A04EEE19840E8F001F6401 /* RouteTracker.xcdatamodeld in Sources */ = {isa = PBXBuildFile; fileRef = 07A04EEC19840E8F001F6401 /* RouteTracker.xcdatamodeld */; };
		07A04EF019840E8F001F6401 /* ViewController.swift in Sources */ = {isa = PBXBuildFile; fileRef = 07A04EEF19840E8F001F6401 /* ViewController.swift */; };
		07A04EF319840E8F001F6401 /* Main.storyboard in Resources */ = {isa = PBXBuildFile; fileRef = 07A04EF119840E8F001F6401 /* Main.storyboard */; };
		07A04EF519840E8F001F6401 /* Images.xcassets in Resources */ = {isa = PBXBuildFile; fileRef = 07A04EF419840E8F001F6401 /* Images.xcassets */; };
		07A04F0119840E8F001F6401 /* RouteTrackerTests.swift in Sources */ = {isa = PBXBuildFile; fileRef = 07A04F0019840E8F001F6401 /* RouteTrackerTests.swift */; };
		07A04F0B19840EA2001F6401 /* CoreLocation.framework in Frameworks */ = {isa = PBXBuildFile; fileRef = 07A04F0A19840EA2001F6401 /* CoreLocation.framework */; };
		07A04F0D1984113A001F6401 /* MapKit.framework in Frameworks */ = {isa = PBXBuildFile; fileRef = 07A04F0C1984113A001F6401 /* MapKit.framework */; };
/* End PBXBuildFile section */

/* Begin PBXContainerItemProxy section */
		07A04EFB19840E8F001F6401 /* PBXContainerItemProxy */ = {
			isa = PBXContainerItemProxy;
			containerPortal = 07A04EDD19840E8F001F6401 /* Project object */;
			proxyType = 1;
			remoteGlobalIDString = 07A04EE419840E8F001F6401;
			remoteInfo = RouteTracker;
		};
/* End PBXContainerItemProxy section */

/* Begin PBXFileReference section */
		07A04EE519840E8F001F6401 /* RouteTracker.app */ = {isa = PBXFileReference; explicitFileType = wrapper.application; includeInIndex = 0; path = RouteTracker.app; sourceTree = BUILT_PRODUCTS_DIR; };
		07A04EE919840E8F001F6401 /* Info.plist */ = {isa = PBXFileReference; lastKnownFileType = text.plist.xml; path = Info.plist; sourceTree = "<group>"; };
		07A04EEA19840E8F001F6401 /* AppDelegate.swift */ = {isa = PBXFileReference; lastKnownFileType = sourcecode.swift; path = AppDelegate.swift; sourceTree = "<group>"; };
		07A04EED19840E8F001F6401 /* RouteTracker.xcdatamodel */ = {isa = PBXFileReference; lastKnownFileType = wrapper.xcdatamodel; path = RouteTracker.xcdatamodel; sourceTree = "<group>"; };
		07A04EEF19840E8F001F6401 /* ViewController.swift */ = {isa = PBXFileReference; lastKnownFileType = sourcecode.swift; path = ViewController.swift; sourceTree = "<group>"; };
		07A04EF219840E8F001F6401 /* Base */ = {isa = PBXFileReference; lastKnownFileType = file.storyboard; name = Base; path = Base.lproj/Main.storyboard; sourceTree = "<group>"; };
		07A04EF419840E8F001F6401 /* Images.xcassets */ = {isa = PBXFileReference; lastKnownFileType = folder.assetcatalog; path = Images.xcassets; sourceTree = "<group>"; };
		07A04EFA19840E8F001F6401 /* RouteTrackerTests.xctest */ = {isa = PBXFileReference; explicitFileType = wrapper.cfbundle; includeInIndex = 0; path = RouteTrackerTests.xctest; sourceTree = BUILT_PRODUCTS_DIR; };
		07A04EFF19840E8F001F6401 /* Info.plist */ = {isa = PBXFileReference; lastKnownFileType = text.plist.xml; path = Info.plist; sourceTree = "<group>"; };
		07A04F0019840E8F001F6401 /* RouteTrackerTests.swift */ = {isa = PBXFileReference; lastKnownFileType = sourcecode.swift; path = RouteTrackerTests.swift; sourceTree = "<group>"; };
		07A04F0A19840EA2001F6401 /* CoreLocation.framework */ = {isa = PBXFileReference; lastKnownFileType = wrapper.framework; name = CoreLocation.framework; path = System/Library/Frameworks/CoreLocation.framework; sourceTree = SDKROOT; };
		07A04F0C1984113A001F6401 /* MapKit.framework */ = {isa = PBXFileReference; lastKnownFileType = wrapper.framework; name = MapKit.framework; path = System/Library/Frameworks/MapKit.framework; sourceTree = SDKROOT; };
/* End PBXFileReference section */

/* Begin PBXFrameworksBuildPhase section */
		07A04EE219840E8F001F6401 /* Frameworks */ = {
			isa = PBXFrameworksBuildPhase;
			buildActionMask = 2147483647;
			files = (
				07A04F0D1984113A001F6401 /* MapKit.framework in Frameworks */,
				07A04F0B19840EA2001F6401 /* CoreLocation.framework in Frameworks */,
			);
			runOnlyForDeploymentPostprocessing = 0;
		};
		07A04EF719840E8F001F6401 /* Frameworks */ = {
			isa = PBXFrameworksBuildPhase;
			buildActionMask = 2147483647;
			files = (
			);
			runOnlyForDeploymentPostprocessing = 0;
		};
/* End PBXFrameworksBuildPhase section */

/* Begin PBXGroup section */
		07A04EDC19840E8F001F6401 = {
			isa = PBXGroup;
			children = (
				07A04F0C1984113A001F6401 /* MapKit.framework */,
				07A04F0A19840EA2001F6401 /* CoreLocation.framework */,
				07A04EE719840E8F001F6401 /* RouteTracker */,
				07A04EFD19840E8F001F6401 /* RouteTrackerTests */,
				07A04EE619840E8F001F6401 /* Products */,
			);
			sourceTree = "<group>";
		};
		07A04EE619840E8F001F6401 /* Products */ = {
			isa = PBXGroup;
			children = (
				07A04EE519840E8F001F6401 /* RouteTracker.app */,
				07A04EFA19840E8F001F6401 /* RouteTrackerTests.xctest */,
			);
			name = Products;
			sourceTree = "<group>";
		};
		07A04EE719840E8F001F6401 /* RouteTracker */ = {
			isa = PBXGroup;
			children = (
				07A04EEA19840E8F001F6401 /* AppDelegate.swift */,
				07A04EEF19840E8F001F6401 /* ViewController.swift */,
				07A04EF119840E8F001F6401 /* Main.storyboard */,
				07A04EF419840E8F001F6401 /* Images.xcassets */,
				07A04EEC19840E8F001F6401 /* RouteTracker.xcdatamodeld */,
				07A04EE819840E8F001F6401 /* Supporting Files */,
			);
			path = RouteTracker;
			sourceTree = "<group>";
		};
		07A04EE819840E8F001F6401 /* Supporting Files */ = {
			isa = PBXGroup;
			children = (
				07A04EE919840E8F001F6401 /* Info.plist */,
			);
			name = "Supporting Files";
			sourceTree = "<group>";
		};
		07A04EFD19840E8F001F6401 /* RouteTrackerTests */ = {
			isa = PBXGroup;
			children = (
				07A04F0019840E8F001F6401 /* RouteTrackerTests.swift */,
				07A04EFE19840E8F001F6401 /* Supporting Files */,
			);
			path = RouteTrackerTests;
			sourceTree = "<group>";
		};
		07A04EFE19840E8F001F6401 /* Supporting Files */ = {
			isa = PBXGroup;
			children = (
				07A04EFF19840E8F001F6401 /* Info.plist */,
			);
			name = "Supporting Files";
			sourceTree = "<group>";
		};
/* End PBXGroup section */

/* Begin PBXNativeTarget section */
		07A04EE419840E8F001F6401 /* RouteTracker */ = {
			isa = PBXNativeTarget;
			buildConfigurationList = 07A04F0419840E8F001F6401 /* Build configuration list for PBXNativeTarget "RouteTracker" */;
			buildPhases = (
				07A04EE119840E8F001F6401 /* Sources */,
				07A04EE219840E8F001F6401 /* Frameworks */,
				07A04EE319840E8F001F6401 /* Resources */,
			);
			buildRules = (
			);
			dependencies = (
			);
			name = RouteTracker;
			productName = RouteTracker;
			productReference = 07A04EE519840E8F001F6401 /* RouteTracker.app */;
			productType = "com.apple.product-type.application";
		};
		07A04EF919840E8F001F6401 /* RouteTrackerTests */ = {
			isa = PBXNativeTarget;
			buildConfigurationList = 07A04F0719840E8F001F6401 /* Build configuration list for PBXNativeTarget "RouteTrackerTests" */;
			buildPhases = (
				07A04EF619840E8F001F6401 /* Sources */,
				07A04EF719840E8F001F6401 /* Frameworks */,
				07A04EF819840E8F001F6401 /* Resources */,
			);
			buildRules = (
			);
			dependencies = (
				07A04EFC19840E8F001F6401 /* PBXTargetDependency */,
			);
			name = RouteTrackerTests;
			productName = RouteTrackerTests;
			productReference = 07A04EFA19840E8F001F6401 /* RouteTrackerTests.xctest */;
			productType = "com.apple.product-type.bundle.unit-test";
		};
/* End PBXNativeTarget section */

/* Begin PBXProject section */
		07A04EDD19840E8F001F6401 /* Project object */ = {
			isa = PBXProject;
			attributes = {
				LastUpgradeCheck = 0600;
				ORGANIZATIONNAME = "Mihir Kelkar";
				TargetAttributes = {
					07A04EE419840E8F001F6401 = {
						CreatedOnToolsVersion = 6.0;
					};
					07A04EF919840E8F001F6401 = {
						CreatedOnToolsVersion = 6.0;
						TestTargetID = 07A04EE419840E8F001F6401;
					};
				};
			};
			buildConfigurationList = 07A04EE019840E8F001F6401 /* Build configuration list for PBXProject "RouteTracker" */;
			compatibilityVersion = "Xcode 3.2";
			developmentRegion = English;
			hasScannedForEncodings = 0;
			knownRegions = (
				en,
				Base,
			);
			mainGroup = 07A04EDC19840E8F001F6401;
			productRefGroup = 07A04EE619840E8F001F6401 /* Products */;
			projectDirPath = "";
			projectRoot = "";
			targets = (
				07A04EE419840E8F001F6401 /* RouteTracker */,
				07A04EF919840E8F001F6401 /* RouteTrackerTests */,
			);
		};
/* End PBXProject section */

/* Begin PBXResourcesBuildPhase section */
		07A04EE319840E8F001F6401 /* Resources */ = {
			isa = PBXResourcesBuildPhase;
			buildActionMask = 2147483647;
			files = (
				07A04EF319840E8F001F6401 /* Main.storyboard in Resources */,
				07A04EF519840E8F001F6401 /* Images.xcassets in Resources */,
			);
			runOnlyForDeploymentPostprocessing = 0;
		};
		07A04EF819840E8F001F6401 /* Resources */ = {
			isa = PBXResourcesBuildPhase;
			buildActionMask = 2147483647;
			files = (
			);
			runOnlyForDeploymentPostprocessing = 0;
		};
/* End PBXResourcesBuildPhase section */

/* Begin PBXSourcesBuildPhase section */
		07A04EE119840E8F001F6401 /* Sources */ = {
			isa = PBXSourcesBuildPhase;
			buildActionMask = 2147483647;
			files = (
				07A04EF019840E8F001F6401 /* ViewController.swift in Sources */,
				07A04EEE19840E8F001F6401 /* RouteTracker.xcdatamodeld in Sources */,
				07A04EEB19840E8F001F6401 /* AppDelegate.swift in Sources */,
			);
			runOnlyForDeploymentPostprocessing = 0;
		};
		07A04EF619840E8F001F6401 /* Sources */ = {
			isa = PBXSourcesBuildPhase;
			buildActionMask = 2147483647;
			files = (
				07A04F0119840E8F001F6401 /* RouteTrackerTests.swift in Sources */,
			);
			runOnlyForDeploymentPostprocessing = 0;
		};
/* End PBXSourcesBuildPhase section */

/* Begin PBXTargetDependency section */
		07A04EFC19840E8F001F6401 /* PBXTargetDependency */ = {
			isa = PBXTargetDependency;
			target = 07A04EE419840E8F001F6401 /* RouteTracker */;
			targetProxy = 07A04EFB19840E8F001F6401 /* PBXContainerItemProxy */;
		};
/* End PBXTargetDependency section */

/* Begin PBXVariantGroup section */
		07A04EF119840E8F001F6401 /* Main.storyboard */ = {
			isa = PBXVariantGroup;
			children = (
				07A04EF219840E8F001F6401 /* Base */,
			);
			name = Main.storyboard;
			sourceTree = "<group>";
		};
/* End PBXVariantGroup section */

/* Begin XCBuildConfiguration section */
		07A04F0219840E8F001F6401 /* Debug */ = {
			isa = XCBuildConfiguration;
			buildSettings = {
				ALWAYS_SEARCH_USER_PATHS = NO;
				CLANG_CXX_LANGUAGE_STANDARD = "gnu++0x";
				CLANG_CXX_LIBRARY = "libc++";
				CLANG_ENABLE_MODULES = YES;
				CLANG_ENABLE_OBJC_ARC = YES;
				CLANG_WARN_BOOL_CONVERSION = YES;
				CLANG_WARN_CONSTANT_CONVERSION = YES;
				CLANG_WARN_DIRECT_OBJC_ISA_USAGE = YES_ERROR;
				CLANG_WARN_EMPTY_BODY = YES;
				CLANG_WARN_ENUM_CONVERSION = YES;
				CLANG_WARN_INT_CONVERSION = YES;
				CLANG_WARN_OBJC_ROOT_CLASS = YES_ERROR;
				CLANG_WARN_UNREACHABLE_CODE = YES;
				CLANG_WARN__DUPLICATE_METHOD_MATCH = YES;
				"CODE_SIGN_IDENTITY[sdk=iphoneos*]" = "iPhone Developer";
				COPY_PHASE_STRIP = NO;
				ENABLE_STRICT_OBJC_MSGSEND = YES;
				GCC_C_LANGUAGE_STANDARD = gnu99;
				GCC_DYNAMIC_NO_PIC = NO;
				GCC_OPTIMIZATION_LEVEL = 0;
				GCC_PREPROCESSOR_DEFINITIONS = (
					"DEBUG=1",
					"$(inherited)",
				);
				GCC_SYMBOLS_PRIVATE_EXTERN = NO;
				GCC_WARN_64_TO_32_BIT_CONVERSION = YES;
				GCC_WARN_ABOUT_RETURN_TYPE = YES_ERROR;
				GCC_WARN_UNDECLARED_SELECTOR = YES;
				GCC_WARN_UNINITIALIZED_AUTOS = YES_AGGRESSIVE;
				GCC_WARN_UNUSED_FUNCTION = YES;
				GCC_WARN_UNUSED_VARIABLE = YES;
				IPHONEOS_DEPLOYMENT_TARGET = 8.0;
				METAL_ENABLE_DEBUG_INFO = YES;
				ONLY_ACTIVE_ARCH = YES;
				SDKROOT = iphoneos;
				SWIFT_OPTIMIZATION_LEVEL = "-Onone";
			};
			name = Debug;
		};
		07A04F0319840E8F001F6401 /* Release */ = {
			isa = XCBuildConfiguration;
			buildSettings = {
				ALWAYS_SEARCH_USER_PATHS = NO;
				CLANG_CXX_LANGUAGE_STANDARD = "gnu++0x";
				CLANG_CXX_LIBRARY = "libc++";
				CLANG_ENABLE_MODULES = YES;
				CLANG_ENABLE_OBJC_ARC = YES;
				CLANG_WARN_BOOL_CONVERSION = YES;
				CLANG_WARN_CONSTANT_CONVERSION = YES;
				CLANG_WARN_DIRECT_OBJC_ISA_USAGE = YES_ERROR;
				CLANG_WARN_EMPTY_BODY = YES;
				CLANG_WARN_ENUM_CONVERSION = YES;
				CLANG_WARN_INT_CONVERSION = YES;
				CLANG_WARN_OBJC_ROOT_CLASS = YES_ERROR;
				CLANG_WARN_UNREACHABLE_CODE = YES;
				CLANG_WARN__DUPLICATE_METHOD_MATCH = YES;
				"CODE_SIGN_IDENTITY[sdk=iphoneos*]" = "iPhone Developer";
				COPY_PHASE_STRIP = YES;
				ENABLE_NS_ASSERTIONS = NO;
				ENABLE_STRICT_OBJC_MSGSEND = YES;
				GCC_C_LANGUAGE_STANDARD = gnu99;
				GCC_WARN_64_TO_32_BIT_CONVERSION = YES;
				GCC_WARN_ABOUT_RETURN_TYPE = YES_ERROR;
				GCC_WARN_UNDECLARED_SELECTOR = YES;
				GCC_WARN_UNINITIALIZED_AUTOS = YES_AGGRESSIVE;
				GCC_WARN_UNUSED_FUNCTION = YES;
				GCC_WARN_UNUSED_VARIABLE = YES;
				IPHONEOS_DEPLOYMENT_TARGET = 8.0;
				METAL_ENABLE_DEBUG_INFO = NO;
				SDKROOT = iphoneos;
				VALIDATE_PRODUCT = YES;
			};
			name = Release;
		};
		07A04F0519840E8F001F6401 /* Debug */ = {
			isa = XCBuildConfiguration;
			buildSettings = {
				ASSETCATALOG_COMPILER_APPICON_NAME = AppIcon;
				ASSETCATALOG_COMPILER_LAUNCHIMAGE_NAME = LaunchImage;
				INFOPLIST_FILE = RouteTracker/Info.plist;
				LD_RUNPATH_SEARCH_PATHS = "$(inherited) @executable_path/Frameworks";
				PRODUCT_NAME = "$(TARGET_NAME)";
			};
			name = Debug;
		};
		07A04F0619840E8F001F6401 /* Release */ = {
			isa = XCBuildConfiguration;
			buildSettings = {
				ASSETCATALOG_COMPILER_APPICON_NAME = AppIcon;
				ASSETCATALOG_COMPILER_LAUNCHIMAGE_NAME = LaunchImage;
				INFOPLIST_FILE = RouteTracker/Info.plist;
				LD_RUNPATH_SEARCH_PATHS = "$(inherited) @executable_path/Frameworks";
				PRODUCT_NAME = "$(TARGET_NAME)";
			};
			name = Release;
		};
		07A04F0819840E8F001F6401 /* Debug */ = {
			isa = XCBuildConfiguration;
			buildSettings = {
				BUNDLE_LOADER = "$(BUILT_PRODUCTS_DIR)/RouteTracker.app/RouteTracker";
				FRAMEWORK_SEARCH_PATHS = (
					"$(SDKROOT)/Developer/Library/Frameworks",
					"$(inherited)",
				);
				GCC_PREPROCESSOR_DEFINITIONS = (
					"DEBUG=1",
					"$(inherited)",
				);
				INFOPLIST_FILE = RouteTrackerTests/Info.plist;
				LD_RUNPATH_SEARCH_PATHS = "$(inherited) @executable_path/Frameworks @loader_path/Frameworks";
				METAL_ENABLE_DEBUG_INFO = YES;
				PRODUCT_NAME = "$(TARGET_NAME)";
				TEST_HOST = "$(BUNDLE_LOADER)";
			};
			name = Debug;
		};
		07A04F0919840E8F001F6401 /* Release */ = {
			isa = XCBuildConfiguration;
			buildSettings = {
				BUNDLE_LOADER = "$(BUILT_PRODUCTS_DIR)/RouteTracker.app/RouteTracker";
				FRAMEWORK_SEARCH_PATHS = (
					"$(SDKROOT)/Developer/Library/Frameworks",
					"$(inherited)",
				);
				INFOPLIST_FILE = RouteTrackerTests/Info.plist;
				LD_RUNPATH_SEARCH_PATHS = "$(inherited) @executable_path/Frameworks @loader_path/Frameworks";
				METAL_ENABLE_DEBUG_INFO = NO;
				PRODUCT_NAME = "$(TARGET_NAME)";
				TEST_HOST = "$(BUNDLE_LOADER)";
			};
			name = Release;
		};
/* End XCBuildConfiguration section */

/* Begin XCConfigurationList section */
		07A04EE019840E8F001F6401 /* Build configuration list for PBXProject "RouteTracker" */ = {
			isa = XCConfigurationList;
			buildConfigurations = (
				07A04F0219840E8F001F6401 /* Debug */,
				07A04F0319840E8F001F6401 /* Release */,
			);
			defaultConfigurationIsVisible = 0;
			defaultConfigurationName = Release;
		};
		07A04F0419840E8F001F6401 /* Build configuration list for PBXNativeTarget "RouteTracker" */ = {
			isa = XCConfigurationList;
			buildConfigurations = (
				07A04F0519840E8F001F6401 /* Debug */,
				07A04F0619840E8F001F6401 /* Release */,
			);
			defaultConfigurationIsVisible = 0;
		};
		07A04F0719840E8F001F6401 /* Build configuration list for PBXNativeTarget "RouteTrackerTests" */ = {
			isa = XCConfigurationList;
			buildConfigurations = (
				07A04F0819840E8F001F6401 /* Debug */,
				07A04F0919840E8F001F6401 /* Release */,
			);
			defaultConfigurationIsVisible = 0;
		};
/* End XCConfigurationList section */

/* Begin XCVersionGroup section */
		07A04EEC19840E8F001F6401 /* RouteTracker.xcdatamodeld */ = {
			isa = XCVersionGroup;
			children = (
				07A04EED19840E8F001F6401 /* RouteTracker.xcdatamodel */,
			);
			currentVersion = 07A04EED19840E8F001F6401 /* RouteTracker.xcdatamodel */;
			path = RouteTracker.xcdatamodeld;
			sourceTree = "<group>";
			versionGroupType = wrapper.xcdatamodel;
		};
/* End XCVersionGroup section */
	};
	rootObject = 07A04EDD19840E8F001F6401 /* Project object */;
}
